
Microsoft Visual Studio Solution File, Format Version 12.00
# Visual Studio Version 17
VisualStudioVersion = 17.0.32014.148
MinimumVisualStudioVersion = 10.0.40219.1
Project("{FAE04EC0-301F-11D3-BF4B-00C04F79EFBC}") = "src", "src.csproj", "{92192B6C-C5EF-462D-8ABF-75BF5C44ABC2}"
EndProject
Global
	GlobalSection(SolutionConfigurationPlatforms) = preSolution
		Debug|Any CPU = Debug|Any CPU
		Release|Any CPU = Release|Any CPU
	EndGlobalSection
	GlobalSection(ProjectConfigurationPlatforms) = postSolution
		{92192B6C-C5EF-462D-8ABF-75BF5C44ABC2}.Debug|Any CPU.ActiveCfg = Debug|Any CPU
		{92192B6C-C5EF-462D-8ABF-75BF5C44ABC2}.Debug|Any CPU.Build.0 = Debug|Any CPU
		{92192B6C-C5EF-462D-8ABF-75BF5C44ABC2}.Release|Any CPU.ActiveCfg = Release|Any CPU
		{92192B6C-C5EF-462D-8ABF-75BF5C44ABC2}.Release|Any CPU.Build.0 = Release|Any CPU
	EndGlobalSection
	GlobalSection(SolutionProperties) = preSolution
		HideSolutionNode = FALSE
	EndGlobalSection
	GlobalSection(ExtensibilityGlobals) = postSolution
		SolutionGuid = {6253ED4F-F790-4149-ACDD-D6CFF20358F3}
	EndGlobalSection
EndGlobal
