
Microsoft Visual Studio Solution File, Format Version 12.00
# Visual Studio Version 17
VisualStudioVersion = 17.0.32014.148
MinimumVisualStudioVersion = 10.0.40219.1
Project("{FAE04EC0-301F-11D3-BF4B-00C04F79EFBC}") = "RayTracingInOneWeekend", "RayTracingInOneWeekend.csproj", "{FB6DE064-2861-4639-97E2-CAC3654D4567}"
EndProject
Global
	GlobalSection(SolutionConfigurationPlatforms) = preSolution
		Debug|Any CPU = Debug|Any CPU
		Release|Any CPU = Release|Any CPU
	EndGlobalSection
	GlobalSection(ProjectConfigurationPlatforms) = postSolution
		{FB6DE064-2861-4639-97E2-CAC3654D4567}.Debug|Any CPU.ActiveCfg = Debug|Any CPU
		{FB6DE064-2861-4639-97E2-CAC3654D4567}.Debug|Any CPU.Build.0 = Debug|Any CPU
		{FB6DE064-2861-4639-97E2-CAC3654D4567}.Release|Any CPU.ActiveCfg = Release|Any CPU
		{FB6DE064-2861-4639-97E2-CAC3654D4567}.Release|Any CPU.Build.0 = Release|Any CPU
	EndGlobalSection
	GlobalSection(SolutionProperties) = preSolution
		HideSolutionNode = FALSE
	EndGlobalSection
	GlobalSection(ExtensibilityGlobals) = postSolution
		SolutionGuid = {6253ED4F-F790-4149-ACDD-D6CFF20358F3}
	EndGlobalSection
EndGlobal
